<Solution>
  <Folder Name="/src/">
    <Project Path="src/Host/Host.csproj" />
    <Project Path="src/SharedKernel/SharedKernel.csproj" />
  </Folder>
  <Folder Name="/src/Modules/" />
  <Folder Name="/src/Modules/Identity/">
    <Project Path="src/Modules/Identity/Identity.Api/Identity.Api.csproj" />
    <Project Path="src/Modules/Identity/Identity.Application/Identity.Application.csproj" />
    <Project Path="src/Modules/Identity/Identity.Domain/Identity.Domain.csproj" />
    <Project Path="src/Modules/Identity/Identity.Infrastructure/Identity.Infrastructure.csproj" />
  </Folder>
  <Folder Name="/src/Modules/Campaigns/">
    <Project Path="src/Modules/Campaigns/Campaigns.Api/Campaigns.Api.csproj" />
    <Project Path="src/Modules/Campaigns/Campaigns.Application/Campaigns.Application.csproj" />
    <Project Path="src/Modules/Campaigns/Campaigns.Domain/Campaigns.Domain.csproj" />
    <Project Path="src/Modules/Campaigns/Campaigns.Infrastructure/Campaigns.Infrastructure.csproj" />
  </Folder>
  <Folder Name="/src/Modules/Eligibility/">
    <Project Path="src/Modules/Eligibility/Eligibility.Api/Eligibility.Api.csproj" />
    <Project Path="src/Modules/Eligibility/Eligibility.Application/Eligibility.Application.csproj" />
    <Project Path="src/Modules/Eligibility/Eligibility.Domain/Eligibility.Domain.csproj" />
    <Project Path="src/Modules/Eligibility/Eligibility.Infrastructure/Eligibility.Infrastructure.csproj" />
  </Folder>
  <Folder Name="/tests/">
    <Project Path="tests/Campaigns.Tests/Campaigns.Tests.csproj" />
    <Project Path="tests/Eligibility.Tests/Eligibility.Tests.csproj" />
    <Project Path="tests/Ssms.TestSupport/Ssms.TestSupport.csproj" />
  </Folder>
</Solution>
